
Microsoft Visual Studio Solution File, Format Version 12.00
# Visual Studio Version 17
VisualStudioVersion = 17.5.33424.131
MinimumVisualStudioVersion = 10.0.40219.1
Project("{9A19103F-16F7-4668-BE54-9A1E7A4F7556}") = "KarlBot", "KarlBot\KarlBot.csproj", "{4902E4A2-7FE8-4392-8039-BD97DBB48714}"
EndProject
Project("{9A19103F-16F7-4668-BE54-9A1E7A4F7556}") = "Infrastructure", "Infrastructure\Infrastructure.csproj", "{6FAA46D2-53D4-4B70-B5A8-E4FD69FB0C75}"
EndProject
Project("{9A19103F-16F7-4668-BE54-9A1E7A4F7556}") = "ApplicationCore", "ApplicationCore\ApplicationCore.csproj", "{2FFB7270-4DB2-4535-B55A-118253EDD912}"
EndProject
Project("{FAE04EC0-301F-11D3-BF4B-00C04F79EFBC}") = "Infrastructure.Tests", "Infrastructure.Tests\Infrastructure.Tests.csproj", "{3AB7327F-D1E4-4B55-9E6D-343E289D0BE1}"
EndProject
Global
	GlobalSection(SolutionConfigurationPlatforms) = preSolution
		Debug|Any CPU = Debug|Any CPU
		Release|Any CPU = Release|Any CPU
	EndGlobalSection
	GlobalSection(ProjectConfigurationPlatforms) = postSolution
		{4902E4A2-7FE8-4392-8039-BD97DBB48714}.Debug|Any CPU.ActiveCfg = Debug|Any CPU
		{4902E4A2-7FE8-4392-8039-BD97DBB48714}.Debug|Any CPU.Build.0 = Debug|Any CPU
		{4902E4A2-7FE8-4392-8039-BD97DBB48714}.Release|Any CPU.ActiveCfg = Release|Any CPU
		{4902E4A2-7FE8-4392-8039-BD97DBB48714}.Release|Any CPU.Build.0 = Release|Any CPU
		{6FAA46D2-53D4-4B70-B5A8-E4FD69FB0C75}.Debug|Any CPU.ActiveCfg = Debug|Any CPU
		{6FAA46D2-53D4-4B70-B5A8-E4FD69FB0C75}.Debug|Any CPU.Build.0 = Debug|Any CPU
		{6FAA46D2-53D4-4B70-B5A8-E4FD69FB0C75}.Release|Any CPU.ActiveCfg = Release|Any CPU
		{6FAA46D2-53D4-4B70-B5A8-E4FD69FB0C75}.Release|Any CPU.Build.0 = Release|Any CPU
		{2FFB7270-4DB2-4535-B55A-118253EDD912}.Debug|Any CPU.ActiveCfg = Debug|Any CPU
		{2FFB7270-4DB2-4535-B55A-118253EDD912}.Debug|Any CPU.Build.0 = Debug|Any CPU
		{2FFB7270-4DB2-4535-B55A-118253EDD912}.Release|Any CPU.ActiveCfg = Release|Any CPU
		{2FFB7270-4DB2-4535-B55A-118253EDD912}.Release|Any CPU.Build.0 = Release|Any CPU
		{3AB7327F-D1E4-4B55-9E6D-343E289D0BE1}.Debug|Any CPU.ActiveCfg = Debug|Any CPU
		{3AB7327F-D1E4-4B55-9E6D-343E289D0BE1}.Debug|Any CPU.Build.0 = Debug|Any CPU
		{3AB7327F-D1E4-4B55-9E6D-343E289D0BE1}.Release|Any CPU.ActiveCfg = Release|Any CPU
		{3AB7327F-D1E4-4B55-9E6D-343E289D0BE1}.Release|Any CPU.Build.0 = Release|Any CPU
	EndGlobalSection
	GlobalSection(SolutionProperties) = preSolution
		HideSolutionNode = FALSE
	EndGlobalSection
	GlobalSection(ExtensibilityGlobals) = postSolution
		SolutionGuid = {6DE0E0C1-DA63-4A02-A144-34C4A2CF3394}
	EndGlobalSection
EndGlobal
